{
  "name": "infancia-desprotegida",
  "lockfileVersion": 2,
  "requires": true,
  "packages": {
    "": {
      "dependencies": {
        "svelte-canvas": "^0.7.1"
      }
    },
    "node_modules/svelte-canvas": {
      "version": "0.7.1",
      "resolved": "https://registry.npmjs.org/svelte-canvas/-/svelte-canvas-0.7.1.tgz",
      "integrity": "sha512-MsOSxPyown4BTVTuR9LUFiLD/GrD8pubxcKSFGiiRr6IR5jPkBE7WDedwkE4auZw+gniqGSmuXjhC+VltpcZAQ=="
    }
  },
  "dependencies": {
    "svelte-canvas": {
      "version": "0.7.1",
      "resolved": "https://registry.npmjs.org/svelte-canvas/-/svelte-canvas-0.7.1.tgz",
      "integrity": "sha512-MsOSxPyown4BTVTuR9LUFiLD/GrD8pubxcKSFGiiRr6IR5jPkBE7WDedwkE4auZw+gniqGSmuXjhC+VltpcZAQ=="
    }
  }
}
